
Microsoft Visual Studio Solution File, Format Version 12.00
# Visual Studio Version 17
VisualStudioVersion = 17.13.35818.85 d17.13
MinimumVisualStudioVersion = 10.0.40219.1
Project("{FAE04EC0-301F-11D3-BF4B-00C04F79EFBC}") = "WindowsFormsApp1", "WindowsFormsApp1.csproj", "{975EBF1C-5495-46D8-ADA5-3C5A09C9064F}"
EndProject
Global
	GlobalSection(SolutionConfigurationPlatforms) = preSolution
		Debug|Any CPU = Debug|Any CPU
		Release|Any CPU = Release|Any CPU
	EndGlobalSection
	GlobalSection(ProjectConfigurationPlatforms) = postSolution
		{975EBF1C-5495-46D8-ADA5-3C5A09C9064F}.Debug|Any CPU.ActiveCfg = Debug|Any CPU
		{975EBF1C-5495-46D8-ADA5-3C5A09C9064F}.Debug|Any CPU.Build.0 = Debug|Any CPU
		{975EBF1C-5495-46D8-ADA5-3C5A09C9064F}.Release|Any CPU.ActiveCfg = Release|Any CPU
		{975EBF1C-5495-46D8-ADA5-3C5A09C9064F}.Release|Any CPU.Build.0 = Release|Any CPU
	EndGlobalSection
	GlobalSection(SolutionProperties) = preSolution
		HideSolutionNode = FALSE
	EndGlobalSection
	GlobalSection(ExtensibilityGlobals) = postSolution
		SolutionGuid = {77B0F303-51D4-4F37-84EA-7722762FFF03}
	EndGlobalSection
EndGlobal
